PODS:
  - CheckboxList (1.0.2)
  - EMTNeumorphicView (1.0.4)

DEPENDENCIES:
  - CheckboxList
  - EMTNeumorphicView

SPEC REPOS:
  trunk:
    - CheckboxList
    - EMTNeumorphicView

SPEC CHECKSUMS:
  CheckboxList: 08627283f4b543d8aa902616c5f79f87b813800f
  EMTNeumorphicView: cb5e92953e43b1872ab47fefd451a9ce0c16fc77

PODFILE CHECKSUM: 946870bc089d68cfee9474908ca17f21cfa81d01

COCOAPODS: 1.9.3
