PODS:
  - CollapsibleTableSectionViewController (2.0.1)
  - EMTNeumorphicView (1.0.4)
  - Realm (10.1.1):
    - Realm/Headers (= 10.1.1)
  - Realm/Headers (10.1.1)
  - RealmSwift (10.1.1):
    - Realm (= 10.1.1)

DEPENDENCIES:
  - CollapsibleTableSectionViewController (~> 2.0.1)
  - EMTNeumorphicView
  - RealmSwift

SPEC REPOS:
  trunk:
    - CollapsibleTableSectionViewController
    - EMTNeumorphicView
    - Realm
    - RealmSwift

SPEC CHECKSUMS:
  CollapsibleTableSectionViewController: 40d97d684d870044522a0dc29b128a6acaaa99df
  EMTNeumorphicView: cb5e92953e43b1872ab47fefd451a9ce0c16fc77
  Realm: 784ca1da1453e31a9c9adc14445421a81f316119
  RealmSwift: cc52fe0dcea56387274dff36e19219e055a3bb84

PODFILE CHECKSUM: 9caf6d3ffd940ef0419605662fe3fa4e6f83fcca

COCOAPODS: 1.10.0
