// !$*UTF8*$!
{
	archiveVersion = 1;
	classes = {
	};
	objectVersion = 51;
	objects = {

/* Begin PBXBuildFile section */
		6F7F97A6251060DD0030237D /* AppDelegate.swift in Sources */ = {isa = PBXBuildFile; fileRef = 6F7F97A5251060DD0030237D /* AppDelegate.swift */; };
		6F7F97A8251060DD0030237D /* SceneDelegate.swift in Sources */ = {isa = PBXBuildFile; fileRef = 6F7F97A7251060DD0030237D /* SceneDelegate.swift */; };
		6F7F97AD251060DD0030237D /* Main.storyboard in Resources */ = {isa = PBXBuildFile; fileRef = 6F7F97AB251060DD0030237D /* Main.storyboard */; };
		6F7F97B2251060E00030237D /* LaunchScreen.storyboard in Resources */ = {isa = PBXBuildFile; fileRef = 6F7F97B0251060E00030237D /* LaunchScreen.storyboard */; };
		6F7F97BC25117DD00030237D /* SettingsViewController.swift in Sources */ = {isa = PBXBuildFile; fileRef = 6F7F97BB25117DD00030237D /* SettingsViewController.swift */; };
		6F7F97BE25117DEC0030237D /* ReportViewController.swift in Sources */ = {isa = PBXBuildFile; fileRef = 6F7F97BD25117DEC0030237D /* ReportViewController.swift */; };
		6F7F97C025117E010030237D /* RightsViewController.swift in Sources */ = {isa = PBXBuildFile; fileRef = 6F7F97BF25117E010030237D /* RightsViewController.swift */; };
		6F7F97C225117EFB0030237D /* MainViewController.swift in Sources */ = {isa = PBXBuildFile; fileRef = 6F7F97C125117EFB0030237D /* MainViewController.swift */; };
		6FA0DA382518553700B591D4 /* Pacifico-Regular.ttf in Resources */ = {isa = PBXBuildFile; fileRef = 6FA0DA3525184D0D00B591D4 /* Pacifico-Regular.ttf */; };
		6FA5F0B425355F6A00FFC2AB /* OffDescViewController.swift in Sources */ = {isa = PBXBuildFile; fileRef = 6FA5F0B325355F6A00FFC2AB /* OffDescViewController.swift */; };
		6FA5F0B725355FAD00FFC2AB /* WitInfoViewController.swift in Sources */ = {isa = PBXBuildFile; fileRef = 6FA5F0B625355FAD00FFC2AB /* WitInfoViewController.swift */; };
		6FA5F0BA25355FBA00FFC2AB /* IncDescViewController.swift in Sources */ = {isa = PBXBuildFile; fileRef = 6FA5F0B925355FBA00FFC2AB /* IncDescViewController.swift */; };
		6FA5F0BD25355FC700FFC2AB /* VicInfoViewController.swift in Sources */ = {isa = PBXBuildFile; fileRef = 6FA5F0BC25355FC700FFC2AB /* VicInfoViewController.swift */; };
		6FA5F0CE253EB20800FFC2AB /* IncDescData.swift in Sources */ = {isa = PBXBuildFile; fileRef = 6FA5F0CD253EB20800FFC2AB /* IncDescData.swift */; };
		6FA5F0D3253EB4B100FFC2AB /* OffDescData.swift in Sources */ = {isa = PBXBuildFile; fileRef = 6FA5F0D2253EB4B100FFC2AB /* OffDescData.swift */; };
		6FA5F0D7253EB4C000FFC2AB /* VicInfoData.swift in Sources */ = {isa = PBXBuildFile; fileRef = 6FA5F0D6253EB4C000FFC2AB /* VicInfoData.swift */; };
		6FA5F0DA253EB4CC00FFC2AB /* WitInfoData.swift in Sources */ = {isa = PBXBuildFile; fileRef = 6FA5F0D9253EB4CC00FFC2AB /* WitInfoData.swift */; };
		6FB34E282516C70D00C66885 /* Assets.xcassets in Resources */ = {isa = PBXBuildFile; fileRef = 6FB34E272516C70D00C66885 /* Assets.xcassets */; };
		6FC81216252DA078003DF4DE /* Constants.swift in Sources */ = {isa = PBXBuildFile; fileRef = 6FC81215252DA078003DF4DE /* Constants.swift */; };
		7EA3E332E19635B65CE740BE /* Pods_TripleR.framework in Frameworks */ = {isa = PBXBuildFile; fileRef = 7B4DCAAADFDBC13A04E6DDDA /* Pods_TripleR.framework */; };
		A118D0E7254A3D5A0054375F /* RightsData.swift in Sources */ = {isa = PBXBuildFile; fileRef = A118D0E6254A3D5A0054375F /* RightsData.swift */; };
		A118D0EA254A426C0054375F /* CustomCell.swift in Sources */ = {isa = PBXBuildFile; fileRef = A118D0E9254A426C0054375F /* CustomCell.swift */; };
		A1F65CC2254203A50044949E /* FLRightsViewController.swift in Sources */ = {isa = PBXBuildFile; fileRef = A1F65CC1254203A50044949E /* FLRightsViewController.swift */; };
		A1F65CCE254224C10044949E /* TipsViewController.swift in Sources */ = {isa = PBXBuildFile; fileRef = A1F65CCD254224C10044949E /* TipsViewController.swift */; };
		A1F65CD32542252E0044949E /* ResourcesViewController.swift in Sources */ = {isa = PBXBuildFile; fileRef = A1F65CD22542252E0044949E /* ResourcesViewController.swift */; };
/* End PBXBuildFile section */

/* Begin PBXFileReference section */
		6F7F97A2251060DD0030237D /* TripleR.app */ = {isa = PBXFileReference; explicitFileType = wrapper.application; includeInIndex = 0; path = TripleR.app; sourceTree = BUILT_PRODUCTS_DIR; };
		6F7F97A5251060DD0030237D /* AppDelegate.swift */ = {isa = PBXFileReference; lastKnownFileType = sourcecode.swift; path = AppDelegate.swift; sourceTree = "<group>"; };
		6F7F97A7251060DD0030237D /* SceneDelegate.swift */ = {isa = PBXFileReference; lastKnownFileType = sourcecode.swift; path = SceneDelegate.swift; sourceTree = "<group>"; };
		6F7F97AC251060DD0030237D /* Base */ = {isa = PBXFileReference; lastKnownFileType = file.storyboard; name = Base; path = Base.lproj/Main.storyboard; sourceTree = "<group>"; };
		6F7F97B1251060E00030237D /* Base */ = {isa = PBXFileReference; lastKnownFileType = file.storyboard; name = Base; path = Base.lproj/LaunchScreen.storyboard; sourceTree = "<group>"; };
		6F7F97B3251060E00030237D /* Info.plist */ = {isa = PBXFileReference; lastKnownFileType = text.plist.xml; path = Info.plist; sourceTree = "<group>"; };
		6F7F97BB25117DD00030237D /* SettingsViewController.swift */ = {isa = PBXFileReference; lastKnownFileType = sourcecode.swift; path = SettingsViewController.swift; sourceTree = "<group>"; };
		6F7F97BD25117DEC0030237D /* ReportViewController.swift */ = {isa = PBXFileReference; lastKnownFileType = sourcecode.swift; path = ReportViewController.swift; sourceTree = "<group>"; };
		6F7F97BF25117E010030237D /* RightsViewController.swift */ = {isa = PBXFileReference; lastKnownFileType = sourcecode.swift; path = RightsViewController.swift; sourceTree = "<group>"; };
		6F7F97C125117EFB0030237D /* MainViewController.swift */ = {isa = PBXFileReference; lastKnownFileType = sourcecode.swift; path = MainViewController.swift; sourceTree = "<group>"; };
		6FA0DA3525184D0D00B591D4 /* Pacifico-Regular.ttf */ = {isa = PBXFileReference; lastKnownFileType = file; path = "Pacifico-Regular.ttf"; sourceTree = "<group>"; };
		6FA5F0B325355F6A00FFC2AB /* OffDescViewController.swift */ = {isa = PBXFileReference; lastKnownFileType = sourcecode.swift; path = OffDescViewController.swift; sourceTree = "<group>"; };
		6FA5F0B625355FAD00FFC2AB /* WitInfoViewController.swift */ = {isa = PBXFileReference; lastKnownFileType = sourcecode.swift; path = WitInfoViewController.swift; sourceTree = "<group>"; };
		6FA5F0B925355FBA00FFC2AB /* IncDescViewController.swift */ = {isa = PBXFileReference; lastKnownFileType = sourcecode.swift; path = IncDescViewController.swift; sourceTree = "<group>"; };
		6FA5F0BC25355FC700FFC2AB /* VicInfoViewController.swift */ = {isa = PBXFileReference; lastKnownFileType = sourcecode.swift; path = VicInfoViewController.swift; sourceTree = "<group>"; };
		6FA5F0CD253EB20800FFC2AB /* IncDescData.swift */ = {isa = PBXFileReference; lastKnownFileType = sourcecode.swift; path = IncDescData.swift; sourceTree = "<group>"; };
		6FA5F0D2253EB4B100FFC2AB /* OffDescData.swift */ = {isa = PBXFileReference; lastKnownFileType = sourcecode.swift; path = OffDescData.swift; sourceTree = "<group>"; };
		6FA5F0D6253EB4C000FFC2AB /* VicInfoData.swift */ = {isa = PBXFileReference; lastKnownFileType = sourcecode.swift; path = VicInfoData.swift; sourceTree = "<group>"; };
		6FA5F0D9253EB4CC00FFC2AB /* WitInfoData.swift */ = {isa = PBXFileReference; lastKnownFileType = sourcecode.swift; path = WitInfoData.swift; sourceTree = "<group>"; };
		6FB34E272516C70D00C66885 /* Assets.xcassets */ = {isa = PBXFileReference; lastKnownFileType = folder.assetcatalog; path = Assets.xcassets; sourceTree = "<group>"; };
		6FC81215252DA078003DF4DE /* Constants.swift */ = {isa = PBXFileReference; lastKnownFileType = sourcecode.swift; path = Constants.swift; sourceTree = "<group>"; };
		7B4DCAAADFDBC13A04E6DDDA /* Pods_TripleR.framework */ = {isa = PBXFileReference; explicitFileType = wrapper.framework; includeInIndex = 0; path = Pods_TripleR.framework; sourceTree = BUILT_PRODUCTS_DIR; };
		8B6AA26B62E413073076F9FA /* Pods-TripleR.debug.xcconfig */ = {isa = PBXFileReference; includeInIndex = 1; lastKnownFileType = text.xcconfig; name = "Pods-TripleR.debug.xcconfig"; path = "Target Support Files/Pods-TripleR/Pods-TripleR.debug.xcconfig"; sourceTree = "<group>"; };
		A118D0E6254A3D5A0054375F /* RightsData.swift */ = {isa = PBXFileReference; lastKnownFileType = sourcecode.swift; path = RightsData.swift; sourceTree = "<group>"; };
		A118D0E9254A426C0054375F /* CustomCell.swift */ = {isa = PBXFileReference; lastKnownFileType = sourcecode.swift; path = CustomCell.swift; sourceTree = "<group>"; };
		A1F65CC1254203A50044949E /* FLRightsViewController.swift */ = {isa = PBXFileReference; lastKnownFileType = sourcecode.swift; path = FLRightsViewController.swift; sourceTree = "<group>"; };
		A1F65CCD254224C10044949E /* TipsViewController.swift */ = {isa = PBXFileReference; lastKnownFileType = sourcecode.swift; path = TipsViewController.swift; sourceTree = "<group>"; };
		A1F65CD22542252E0044949E /* ResourcesViewController.swift */ = {isa = PBXFileReference; lastKnownFileType = sourcecode.swift; path = ResourcesViewController.swift; sourceTree = "<group>"; };
		EE7E69C2FA02E2AB793847DC /* Pods-TripleR.release.xcconfig */ = {isa = PBXFileReference; includeInIndex = 1; lastKnownFileType = text.xcconfig; name = "Pods-TripleR.release.xcconfig"; path = "Target Support Files/Pods-TripleR/Pods-TripleR.release.xcconfig"; sourceTree = "<group>"; };
/* End PBXFileReference section */

/* Begin PBXFrameworksBuildPhase section */
		6F7F979F251060DD0030237D /* Frameworks */ = {
			isa = PBXFrameworksBuildPhase;
			buildActionMask = 2147483647;
			files = (
				7EA3E332E19635B65CE740BE /* Pods_TripleR.framework in Frameworks */,
			);
			runOnlyForDeploymentPostprocessing = 0;
		};
/* End PBXFrameworksBuildPhase section */

/* Begin PBXGroup section */
		60266735668FC95BEB38D08D /* Pods */ = {
			isa = PBXGroup;
			children = (
				8B6AA26B62E413073076F9FA /* Pods-TripleR.debug.xcconfig */,
				EE7E69C2FA02E2AB793847DC /* Pods-TripleR.release.xcconfig */,
			);
			path = Pods;
			sourceTree = "<group>";
		};
		6F7F9799251060DD0030237D = {
			isa = PBXGroup;
			children = (
				6F7F97A4251060DD0030237D /* TripleR */,
				6F7F97A3251060DD0030237D /* Products */,
				60266735668FC95BEB38D08D /* Pods */,
				D88E7F085C3E66FB97491C45 /* Frameworks */,
			);
			sourceTree = "<group>";
		};
		6F7F97A3251060DD0030237D /* Products */ = {
			isa = PBXGroup;
			children = (
				6F7F97A2251060DD0030237D /* TripleR.app */,
			);
			name = Products;
			sourceTree = "<group>";
		};
		6F7F97A4251060DD0030237D /* TripleR */ = {
			isa = PBXGroup;
			children = (
				6FA0DA3425184CD200B591D4 /* fonts */,
				6F7F97A5251060DD0030237D /* AppDelegate.swift */,
				6F7F97A7251060DD0030237D /* SceneDelegate.swift */,
				6FE2747A2516BE65007064E2 /* Models */,
				6F7F97BA25117CD20030237D /* Views */,
				6F7F97B925117CB70030237D /* Controllers */,
				6F7F97B0251060E00030237D /* LaunchScreen.storyboard */,
				6FB34E272516C70D00C66885 /* Assets.xcassets */,
				6F7F97B3251060E00030237D /* Info.plist */,
				6FC81215252DA078003DF4DE /* Constants.swift */,
			);
			path = TripleR;
			sourceTree = "<group>";
		};
		6F7F97B925117CB70030237D /* Controllers */ = {
			isa = PBXGroup;
			children = (
				6F7F97C125117EFB0030237D /* MainViewController.swift */,
				6F7F97BB25117DD00030237D /* SettingsViewController.swift */,
				A12482BA2547D8480029B2B0 /* Report */,
				A12482B82547D8390029B2B0 /* Rights */,
			);
			path = Controllers;
			sourceTree = "<group>";
		};
		6F7F97BA25117CD20030237D /* Views */ = {
			isa = PBXGroup;
			children = (
				6F7F97AB251060DD0030237D /* Main.storyboard */,
			);
			path = Views;
			sourceTree = "<group>";
		};
		6FA0DA3425184CD200B591D4 /* fonts */ = {
			isa = PBXGroup;
			children = (
				6FA0DA3525184D0D00B591D4 /* Pacifico-Regular.ttf */,
			);
			path = fonts;
			sourceTree = "<group>";
		};
		6FE2747A2516BE65007064E2 /* Models */ = {
			isa = PBXGroup;
			children = (
				6FA5F0CD253EB20800FFC2AB /* IncDescData.swift */,
				6FA5F0D2253EB4B100FFC2AB /* OffDescData.swift */,
				6FA5F0D6253EB4C000FFC2AB /* VicInfoData.swift */,
				6FA5F0D9253EB4CC00FFC2AB /* WitInfoData.swift */,
			);
			path = Models;
			sourceTree = "<group>";
		};
		A12482B82547D8390029B2B0 /* Rights */ = {
			isa = PBXGroup;
			children = (
				6F7F97BF25117E010030237D /* RightsViewController.swift */,
				A1F65CC1254203A50044949E /* FLRightsViewController.swift */,
				A118D0E9254A426C0054375F /* CustomCell.swift */,
				A118D0E6254A3D5A0054375F /* RightsData.swift */,
				A1F65CCD254224C10044949E /* TipsViewController.swift */,
				A1F65CD22542252E0044949E /* ResourcesViewController.swift */,
			);
			path = Rights;
			sourceTree = "<group>";
		};
		A12482BA2547D8480029B2B0 /* Report */ = {
			isa = PBXGroup;
			children = (
				6F7F97BD25117DEC0030237D /* ReportViewController.swift */,
				6FA5F0B925355FBA00FFC2AB /* IncDescViewController.swift */,
				6FA5F0BC25355FC700FFC2AB /* VicInfoViewController.swift */,
				6FA5F0B625355FAD00FFC2AB /* WitInfoViewController.swift */,
				6FA5F0B325355F6A00FFC2AB /* OffDescViewController.swift */,
			);
			path = Report;
			sourceTree = "<group>";
		};
		D88E7F085C3E66FB97491C45 /* Frameworks */ = {
			isa = PBXGroup;
			children = (
				7B4DCAAADFDBC13A04E6DDDA /* Pods_TripleR.framework */,
			);
			name = Frameworks;
			sourceTree = "<group>";
		};
/* End PBXGroup section */

/* Begin PBXNativeTarget section */
		6F7F97A1251060DD0030237D /* TripleR */ = {
			isa = PBXNativeTarget;
			buildConfigurationList = 6F7F97B6251060E00030237D /* Build configuration list for PBXNativeTarget "TripleR" */;
			buildPhases = (
				0DD0B9AB18EE391003FDBF14 /* [CP] Check Pods Manifest.lock */,
				6F7F979E251060DD0030237D /* Sources */,
				6F7F979F251060DD0030237D /* Frameworks */,
				6F7F97A0251060DD0030237D /* Resources */,
				443321F25EAEB9C1BECB3DDB /* [CP] Embed Pods Frameworks */,
			);
			buildRules = (
			);
			dependencies = (
			);
			name = TripleR;
			productName = TripleR;
			productReference = 6F7F97A2251060DD0030237D /* TripleR.app */;
			productType = "com.apple.product-type.application";
		};
/* End PBXNativeTarget section */

/* Begin PBXProject section */
		6F7F979A251060DD0030237D /* Project object */ = {
			isa = PBXProject;
			attributes = {
				LastSwiftUpdateCheck = 1140;
				LastUpgradeCheck = 1200;
				ORGANIZATIONNAME = WORM;
				TargetAttributes = {
					6F7F97A1251060DD0030237D = {
						CreatedOnToolsVersion = 11.4.1;
					};
				};
			};
			buildConfigurationList = 6F7F979D251060DD0030237D /* Build configuration list for PBXProject "TripleR" */;
			compatibilityVersion = "Xcode 9.3";
			developmentRegion = en;
			hasScannedForEncodings = 0;
			knownRegions = (
				en,
				Base,
			);
			mainGroup = 6F7F9799251060DD0030237D;
			productRefGroup = 6F7F97A3251060DD0030237D /* Products */;
			projectDirPath = "";
			projectRoot = "";
			targets = (
				6F7F97A1251060DD0030237D /* TripleR */,
			);
		};
/* End PBXProject section */

/* Begin PBXResourcesBuildPhase section */
		6F7F97A0251060DD0030237D /* Resources */ = {
			isa = PBXResourcesBuildPhase;
			buildActionMask = 2147483647;
			files = (
				6F7F97B2251060E00030237D /* LaunchScreen.storyboard in Resources */,
				6FA0DA382518553700B591D4 /* Pacifico-Regular.ttf in Resources */,
				6FB34E282516C70D00C66885 /* Assets.xcassets in Resources */,
				6F7F97AD251060DD0030237D /* Main.storyboard in Resources */,
			);
			runOnlyForDeploymentPostprocessing = 0;
		};
/* End PBXResourcesBuildPhase section */

/* Begin PBXShellScriptBuildPhase section */
		0DD0B9AB18EE391003FDBF14 /* [CP] Check Pods Manifest.lock */ = {
			isa = PBXShellScriptBuildPhase;
			buildActionMask = 2147483647;
			files = (
			);
			inputFileListPaths = (
			);
			inputPaths = (
				"${PODS_PODFILE_DIR_PATH}/Podfile.lock",
				"${PODS_ROOT}/Manifest.lock",
			);
			name = "[CP] Check Pods Manifest.lock";
			outputFileListPaths = (
			);
			outputPaths = (
				"$(DERIVED_FILE_DIR)/Pods-TripleR-checkManifestLockResult.txt",
			);
			runOnlyForDeploymentPostprocessing = 0;
			shellPath = /bin/sh;
			shellScript = "diff \"${PODS_PODFILE_DIR_PATH}/Podfile.lock\" \"${PODS_ROOT}/Manifest.lock\" > /dev/null\nif [ $? != 0 ] ; then\n    # print error to STDERR\n    echo \"error: The sandbox is not in sync with the Podfile.lock. Run 'pod install' or update your CocoaPods installation.\" >&2\n    exit 1\nfi\n# This output is used by Xcode 'outputs' to avoid re-running this script phase.\necho \"SUCCESS\" > \"${SCRIPT_OUTPUT_FILE_0}\"\n";
			showEnvVarsInLog = 0;
		};
		443321F25EAEB9C1BECB3DDB /* [CP] Embed Pods Frameworks */ = {
			isa = PBXShellScriptBuildPhase;
			buildActionMask = 2147483647;
			files = (
			);
			inputFileListPaths = (
				"${PODS_ROOT}/Target Support Files/Pods-TripleR/Pods-TripleR-frameworks-${CONFIGURATION}-input-files.xcfilelist",
			);
			name = "[CP] Embed Pods Frameworks";
			outputFileListPaths = (
				"${PODS_ROOT}/Target Support Files/Pods-TripleR/Pods-TripleR-frameworks-${CONFIGURATION}-output-files.xcfilelist",
			);
			runOnlyForDeploymentPostprocessing = 0;
			shellPath = /bin/sh;
			shellScript = "\"${PODS_ROOT}/Target Support Files/Pods-TripleR/Pods-TripleR-frameworks.sh\"\n";
			showEnvVarsInLog = 0;
		};
/* End PBXShellScriptBuildPhase section */

/* Begin PBXSourcesBuildPhase section */
		6F7F979E251060DD0030237D /* Sources */ = {
			isa = PBXSourcesBuildPhase;
			buildActionMask = 2147483647;
			files = (
				6FA5F0B725355FAD00FFC2AB /* WitInfoViewController.swift in Sources */,
				6FA5F0BD25355FC700FFC2AB /* VicInfoViewController.swift in Sources */,
				A118D0EA254A426C0054375F /* CustomCell.swift in Sources */,
				6FA5F0B425355F6A00FFC2AB /* OffDescViewController.swift in Sources */,
				A118D0E7254A3D5A0054375F /* RightsData.swift in Sources */,
				6FA5F0BA25355FBA00FFC2AB /* IncDescViewController.swift in Sources */,
				6FA5F0D3253EB4B100FFC2AB /* OffDescData.swift in Sources */,
				6F7F97A6251060DD0030237D /* AppDelegate.swift in Sources */,
				A1F65CD32542252E0044949E /* ResourcesViewController.swift in Sources */,
				6FA5F0DA253EB4CC00FFC2AB /* WitInfoData.swift in Sources */,
				6F7F97A8251060DD0030237D /* SceneDelegate.swift in Sources */,
				6F7F97BE25117DEC0030237D /* ReportViewController.swift in Sources */,
				A1F65CC2254203A50044949E /* FLRightsViewController.swift in Sources */,
				6F7F97C225117EFB0030237D /* MainViewController.swift in Sources */,
				6F7F97BC25117DD00030237D /* SettingsViewController.swift in Sources */,
				6F7F97C025117E010030237D /* RightsViewController.swift in Sources */,
				A1F65CCE254224C10044949E /* TipsViewController.swift in Sources */,
				6FC81216252DA078003DF4DE /* Constants.swift in Sources */,
				6FA5F0CE253EB20800FFC2AB /* IncDescData.swift in Sources */,
				6FA5F0D7253EB4C000FFC2AB /* VicInfoData.swift in Sources */,
			);
			runOnlyForDeploymentPostprocessing = 0;
		};
/* End PBXSourcesBuildPhase section */

/* Begin PBXVariantGroup section */
		6F7F97AB251060DD0030237D /* Main.storyboard */ = {
			isa = PBXVariantGroup;
			children = (
				6F7F97AC251060DD0030237D /* Base */,
			);
			name = Main.storyboard;
			sourceTree = "<group>";
		};
		6F7F97B0251060E00030237D /* LaunchScreen.storyboard */ = {
			isa = PBXVariantGroup;
			children = (
				6F7F97B1251060E00030237D /* Base */,
			);
			name = LaunchScreen.storyboard;
			sourceTree = "<group>";
		};
/* End PBXVariantGroup section */

/* Begin XCBuildConfiguration section */
		6F7F97B4251060E00030237D /* Debug */ = {
			isa = XCBuildConfiguration;
			buildSettings = {
				ALWAYS_SEARCH_USER_PATHS = NO;
				CLANG_ANALYZER_NONNULL = YES;
				CLANG_ANALYZER_NUMBER_OBJECT_CONVERSION = YES_AGGRESSIVE;
				CLANG_CXX_LANGUAGE_STANDARD = "gnu++14";
				CLANG_CXX_LIBRARY = "libc++";
				CLANG_ENABLE_MODULES = YES;
				CLANG_ENABLE_OBJC_ARC = YES;
				CLANG_ENABLE_OBJC_WEAK = YES;
				CLANG_WARN_BLOCK_CAPTURE_AUTORELEASING = YES;
				CLANG_WARN_BOOL_CONVERSION = YES;
				CLANG_WARN_COMMA = YES;
				CLANG_WARN_CONSTANT_CONVERSION = YES;
				CLANG_WARN_DEPRECATED_OBJC_IMPLEMENTATIONS = YES;
				CLANG_WARN_DIRECT_OBJC_ISA_USAGE = YES_ERROR;
				CLANG_WARN_DOCUMENTATION_COMMENTS = YES;
				CLANG_WARN_EMPTY_BODY = YES;
				CLANG_WARN_ENUM_CONVERSION = YES;
				CLANG_WARN_INFINITE_RECURSION = YES;
				CLANG_WARN_INT_CONVERSION = YES;
				CLANG_WARN_NON_LITERAL_NULL_CONVERSION = YES;
				CLANG_WARN_OBJC_IMPLICIT_RETAIN_SELF = YES;
				CLANG_WARN_OBJC_LITERAL_CONVERSION = YES;
				CLANG_WARN_OBJC_ROOT_CLASS = YES_ERROR;
				CLANG_WARN_QUOTED_INCLUDE_IN_FRAMEWORK_HEADER = YES;
				CLANG_WARN_RANGE_LOOP_ANALYSIS = YES;
				CLANG_WARN_STRICT_PROTOTYPES = YES;
				CLANG_WARN_SUSPICIOUS_MOVE = YES;
				CLANG_WARN_UNGUARDED_AVAILABILITY = YES_AGGRESSIVE;
				CLANG_WARN_UNREACHABLE_CODE = YES;
				CLANG_WARN__DUPLICATE_METHOD_MATCH = YES;
				COPY_PHASE_STRIP = NO;
				DEBUG_INFORMATION_FORMAT = dwarf;
				ENABLE_STRICT_OBJC_MSGSEND = YES;
				ENABLE_TESTABILITY = YES;
				GCC_C_LANGUAGE_STANDARD = gnu11;
				GCC_DYNAMIC_NO_PIC = NO;
				GCC_NO_COMMON_BLOCKS = YES;
				GCC_OPTIMIZATION_LEVEL = 0;
				GCC_PREPROCESSOR_DEFINITIONS = (
					"DEBUG=1",
					"$(inherited)",
				);
				GCC_WARN_64_TO_32_BIT_CONVERSION = YES;
				GCC_WARN_ABOUT_RETURN_TYPE = YES_ERROR;
				GCC_WARN_UNDECLARED_SELECTOR = YES;
				GCC_WARN_UNINITIALIZED_AUTOS = YES_AGGRESSIVE;
				GCC_WARN_UNUSED_FUNCTION = YES;
				GCC_WARN_UNUSED_VARIABLE = YES;
				IPHONEOS_DEPLOYMENT_TARGET = 13.6;
				MTL_ENABLE_DEBUG_INFO = INCLUDE_SOURCE;
				MTL_FAST_MATH = YES;
				ONLY_ACTIVE_ARCH = YES;
				SDKROOT = iphoneos;
				SWIFT_ACTIVE_COMPILATION_CONDITIONS = DEBUG;
				SWIFT_OPTIMIZATION_LEVEL = "-Onone";
			};
			name = Debug;
		};
		6F7F97B5251060E00030237D /* Release */ = {
			isa = XCBuildConfiguration;
			buildSettings = {
				ALWAYS_SEARCH_USER_PATHS = NO;
				CLANG_ANALYZER_NONNULL = YES;
				CLANG_ANALYZER_NUMBER_OBJECT_CONVERSION = YES_AGGRESSIVE;
				CLANG_CXX_LANGUAGE_STANDARD = "gnu++14";
				CLANG_CXX_LIBRARY = "libc++";
				CLANG_ENABLE_MODULES = YES;
				CLANG_ENABLE_OBJC_ARC = YES;
				CLANG_ENABLE_OBJC_WEAK = YES;
				CLANG_WARN_BLOCK_CAPTURE_AUTORELEASING = YES;
				CLANG_WARN_BOOL_CONVERSION = YES;
				CLANG_WARN_COMMA = YES;
				CLANG_WARN_CONSTANT_CONVERSION = YES;
				CLANG_WARN_DEPRECATED_OBJC_IMPLEMENTATIONS = YES;
				CLANG_WARN_DIRECT_OBJC_ISA_USAGE = YES_ERROR;
				CLANG_WARN_DOCUMENTATION_COMMENTS = YES;
				CLANG_WARN_EMPTY_BODY = YES;
				CLANG_WARN_ENUM_CONVERSION = YES;
				CLANG_WARN_INFINITE_RECURSION = YES;
				CLANG_WARN_INT_CONVERSION = YES;
				CLANG_WARN_NON_LITERAL_NULL_CONVERSION = YES;
				CLANG_WARN_OBJC_IMPLICIT_RETAIN_SELF = YES;
				CLANG_WARN_OBJC_LITERAL_CONVERSION = YES;
				CLANG_WARN_OBJC_ROOT_CLASS = YES_ERROR;
				CLANG_WARN_QUOTED_INCLUDE_IN_FRAMEWORK_HEADER = YES;
				CLANG_WARN_RANGE_LOOP_ANALYSIS = YES;
				CLANG_WARN_STRICT_PROTOTYPES = YES;
				CLANG_WARN_SUSPICIOUS_MOVE = YES;
				CLANG_WARN_UNGUARDED_AVAILABILITY = YES_AGGRESSIVE;
				CLANG_WARN_UNREACHABLE_CODE = YES;
				CLANG_WARN__DUPLICATE_METHOD_MATCH = YES;
				COPY_PHASE_STRIP = NO;
				DEBUG_INFORMATION_FORMAT = "dwarf-with-dsym";
				ENABLE_NS_ASSERTIONS = NO;
				ENABLE_STRICT_OBJC_MSGSEND = YES;
				GCC_C_LANGUAGE_STANDARD = gnu11;
				GCC_NO_COMMON_BLOCKS = YES;
				GCC_WARN_64_TO_32_BIT_CONVERSION = YES;
				GCC_WARN_ABOUT_RETURN_TYPE = YES_ERROR;
				GCC_WARN_UNDECLARED_SELECTOR = YES;
				GCC_WARN_UNINITIALIZED_AUTOS = YES_AGGRESSIVE;
				GCC_WARN_UNUSED_FUNCTION = YES;
				GCC_WARN_UNUSED_VARIABLE = YES;
				IPHONEOS_DEPLOYMENT_TARGET = 13.6;
				MTL_ENABLE_DEBUG_INFO = NO;
				MTL_FAST_MATH = YES;
				SDKROOT = iphoneos;
				SWIFT_COMPILATION_MODE = wholemodule;
				SWIFT_OPTIMIZATION_LEVEL = "-O";
				VALIDATE_PRODUCT = YES;
			};
			name = Release;
		};
		6F7F97B7251060E00030237D /* Debug */ = {
			isa = XCBuildConfiguration;
			baseConfigurationReference = 8B6AA26B62E413073076F9FA /* Pods-TripleR.debug.xcconfig */;
			buildSettings = {
				ASSETCATALOG_COMPILER_APPICON_NAME = AppIcon;
				CODE_SIGN_STYLE = Automatic;
				DEVELOPMENT_TEAM = DZCJKHLK73;
				INFOPLIST_FILE = TripleR/Info.plist;
				LD_RUNPATH_SEARCH_PATHS = (
					"$(inherited)",
					"@executable_path/Frameworks",
				);
				PRODUCT_BUNDLE_IDENTIFIER = com.worm.TripleR.TripleR;
				PRODUCT_NAME = "$(TARGET_NAME)";
				SWIFT_VERSION = 5.0;
				TARGETED_DEVICE_FAMILY = "1,2";
			};
			name = Debug;
		};
		6F7F97B8251060E00030237D /* Release */ = {
			isa = XCBuildConfiguration;
			baseConfigurationReference = EE7E69C2FA02E2AB793847DC /* Pods-TripleR.release.xcconfig */;
			buildSettings = {
				ASSETCATALOG_COMPILER_APPICON_NAME = AppIcon;
				CODE_SIGN_STYLE = Automatic;
				DEVELOPMENT_TEAM = DZCJKHLK73;
				INFOPLIST_FILE = TripleR/Info.plist;
				LD_RUNPATH_SEARCH_PATHS = (
					"$(inherited)",
					"@executable_path/Frameworks",
				);
				PRODUCT_BUNDLE_IDENTIFIER = com.worm.TripleR.TripleR;
				PRODUCT_NAME = "$(TARGET_NAME)";
				SWIFT_VERSION = 5.0;
				TARGETED_DEVICE_FAMILY = "1,2";
			};
			name = Release;
		};
/* End XCBuildConfiguration section */

/* Begin XCConfigurationList section */
		6F7F979D251060DD0030237D /* Build configuration list for PBXProject "TripleR" */ = {
			isa = XCConfigurationList;
			buildConfigurations = (
				6F7F97B4251060E00030237D /* Debug */,
				6F7F97B5251060E00030237D /* Release */,
			);
			defaultConfigurationIsVisible = 0;
			defaultConfigurationName = Release;
		};
		6F7F97B6251060E00030237D /* Build configuration list for PBXNativeTarget "TripleR" */ = {
			isa = XCConfigurationList;
			buildConfigurations = (
				6F7F97B7251060E00030237D /* Debug */,
				6F7F97B8251060E00030237D /* Release */,
			);
			defaultConfigurationIsVisible = 0;
			defaultConfigurationName = Release;
		};
/* End XCConfigurationList section */
	};
	rootObject = 6F7F979A251060DD0030237D /* Project object */;
}
